
Microsoft Visual Studio Solution File, Format Version 12.00
# Visual Studio Version 17
VisualStudioVersion = 17.4.33110.190
MinimumVisualStudioVersion = 10.0.40219.1
Project("{FAE04EC0-301F-11D3-BF4B-00C04F79EFBC}") = "APIcurso", "APIcurso\APIcurso.csproj", "{842931E1-75D5-4E74-9587-B7A49E696B7C}"
EndProject
Project("{FAE04EC0-301F-11D3-BF4B-00C04F79EFBC}") = "BlazorAPI", "BlazorAPI\BlazorAPI.csproj", "{98ECD24E-29D4-45D1-A5E8-8E0B15592241}"
EndProject
Global
	GlobalSection(SolutionConfigurationPlatforms) = preSolution
		Debug|Any CPU = Debug|Any CPU
		Release|Any CPU = Release|Any CPU
	EndGlobalSection
	GlobalSection(ProjectConfigurationPlatforms) = postSolution
		{842931E1-75D5-4E74-9587-B7A49E696B7C}.Debug|Any CPU.ActiveCfg = Debug|Any CPU
		{842931E1-75D5-4E74-9587-B7A49E696B7C}.Debug|Any CPU.Build.0 = Debug|Any CPU
		{842931E1-75D5-4E74-9587-B7A49E696B7C}.Release|Any CPU.ActiveCfg = Release|Any CPU
		{842931E1-75D5-4E74-9587-B7A49E696B7C}.Release|Any CPU.Build.0 = Release|Any CPU
		{98ECD24E-29D4-45D1-A5E8-8E0B15592241}.Debug|Any CPU.ActiveCfg = Debug|Any CPU
		{98ECD24E-29D4-45D1-A5E8-8E0B15592241}.Debug|Any CPU.Build.0 = Debug|Any CPU
		{98ECD24E-29D4-45D1-A5E8-8E0B15592241}.Release|Any CPU.ActiveCfg = Release|Any CPU
		{98ECD24E-29D4-45D1-A5E8-8E0B15592241}.Release|Any CPU.Build.0 = Release|Any CPU
	EndGlobalSection
	GlobalSection(SolutionProperties) = preSolution
		HideSolutionNode = FALSE
	EndGlobalSection
	GlobalSection(ExtensibilityGlobals) = postSolution
		SolutionGuid = {8E99DDA4-BAA0-43BE-AA42-C6DF7FC485FC}
	EndGlobalSection
EndGlobal
